
Microsoft Visual Studio Solution File, Format Version 12.00
# Visual Studio Version 17
VisualStudioVersion = 17.8.34511.84
MinimumVisualStudioVersion = 10.0.40219.1
Project("{FAE04EC0-301F-11D3-BF4B-00C04F79EFBC}") = "Listen", "Listen\Listen.csproj", "{DFC42523-8B3B-41F6-B908-F0EF07CF5058}"
EndProject
Global
	GlobalSection(SolutionConfigurationPlatforms) = preSolution
		Debug|Any CPU = Debug|Any CPU
		Release|Any CPU = Release|Any CPU
	EndGlobalSection
	GlobalSection(ProjectConfigurationPlatforms) = postSolution
		{DFC42523-8B3B-41F6-B908-F0EF07CF5058}.Debug|Any CPU.ActiveCfg = Debug|Any CPU
		{DFC42523-8B3B-41F6-B908-F0EF07CF5058}.Debug|Any CPU.Build.0 = Debug|Any CPU
		{DFC42523-8B3B-41F6-B908-F0EF07CF5058}.Release|Any CPU.ActiveCfg = Release|Any CPU
		{DFC42523-8B3B-41F6-B908-F0EF07CF5058}.Release|Any CPU.Build.0 = Release|Any CPU
	EndGlobalSection
	GlobalSection(SolutionProperties) = preSolution
		HideSolutionNode = FALSE
	EndGlobalSection
	GlobalSection(ExtensibilityGlobals) = postSolution
		SolutionGuid = {D19C2817-1D89-4DE6-80D8-F7D6408DBBB3}
	EndGlobalSection
EndGlobal
